# ExoArmur locked dependency set
# Generated from current CI-resolved package versions and package metadata.
# Keep this file exact-pin only; the parity script treats it as the environment truth.

# Core runtime
annotated-doc==0.0.4
annotated-types==0.7.0
anyio==4.12.1
certifi==2026.1.4
cffi==2.0.0
click==8.3.1
cryptography==46.0.7
fastapi==0.127.1
h11==0.16.0
httpcore==1.0.9
httptools==0.7.1
httpx==0.25.2
idna==3.11
nats-py==2.7.0
pydantic==2.12.5
pydantic-core==2.41.5
python-dotenv==1.2.1
python-json-logger==2.0.7
python-ulid==3.1.0
pyyaml==6.0.3
sniffio==1.3.1
starlette==0.50.0
typing-extensions==4.15.0
typing-inspection==0.4.2
uvicorn==0.24.0
uvloop==0.22.1; platform_system != "Windows"
watchfiles==1.1.1
websockets==16.0
psutil==5.9.8
pycparser==3.0

# Test and developer tooling
black==26.3.1
factory-boy==3.3.3
iniconfig==2.3.0
isort==5.12.0
mypy==1.7.1
mypy-extensions==1.1.0
packaging==26.0
pathspec==1.0.4
platformdirs==4.5.1
pluggy==1.6.0
pytest==9.0.3
pytest-asyncio==1.3.0
pytest-cov==7.1.0
pytest-json-report==1.5.0
pytest-metadata==3.1.1
pytest-randomly==3.15.0
pytest-timeout==2.4.0

# Documentation stack
myst-parser==5.0.0
sphinx==9.1.0
sphinx-autodoc-typehints==3.9.11
sphinx-rtd-theme==3.1.0

# Security, packaging, and release tooling
bandit==1.9.4
boolean.py==5.0
build==1.4.2
cachecontrol==0.14.4
defusedxml==0.7.1
cyclonedx-python-lib==11.6.0
filelock==3.20.3
license-expression==30.4.4
markdown-it-py==4.0.0
memory-profiler==0.61.0
msgpack==1.1.2
packageurl-python==0.17.6
pip-api==0.0.34
pip-audit==2.10.0
pip-requirements-parser==32.0.1
pygments==2.20.0
pyparsing==3.3.2
py-serializable==2.1.0
requests==2.33.0
rich==14.3.2
sortedcontainers==2.4.0
tomli==2.4.0
tomli-w==1.2.0
twine==6.2.0
urllib3==2.6.3
